// !$*UTF8*$!
{
	archiveVersion = 1;
	classes = {
	};
	objectVersion = 56;
	objects = {

/* Begin PBXBuildFile section */
		430BAA96292F1A9A006E1531 /* GoogleService-Info.plist in Resources */ = {isa = PBXBuildFile; fileRef = 430BAA95292F1A9A006E1531 /* GoogleService-Info.plist */; };
		430BAA99292F1B47006E1531 /* FirebaseAuth in Frameworks */ = {isa = PBXBuildFile; productRef = 430BAA98292F1B47006E1531 /* FirebaseAuth */; };
		430BAA9B292F1B47006E1531 /* FirebaseAuthCombine-Community in Frameworks */ = {isa = PBXBuildFile; productRef = 430BAA9A292F1B47006E1531 /* FirebaseAuthCombine-Community */; };
		430BAA9D292F1B47006E1531 /* FirebaseDatabase in Frameworks */ = {isa = PBXBuildFile; productRef = 430BAA9C292F1B47006E1531 /* FirebaseDatabase */; };
		430BAA9F292F1B47006E1531 /* FirebaseDatabaseSwift in Frameworks */ = {isa = PBXBuildFile; productRef = 430BAA9E292F1B47006E1531 /* FirebaseDatabaseSwift */; };
		430BAAA1292F1B47006E1531 /* FirebaseFirestore in Frameworks */ = {isa = PBXBuildFile; productRef = 430BAAA0292F1B47006E1531 /* FirebaseFirestore */; };
		430BAAA3292F1B47006E1531 /* FirebaseFirestoreCombine-Community in Frameworks */ = {isa = PBXBuildFile; productRef = 430BAAA2292F1B47006E1531 /* FirebaseFirestoreCombine-Community */; };
		430BAAA5292F1B47006E1531 /* FirebaseStorage in Frameworks */ = {isa = PBXBuildFile; productRef = 430BAAA4292F1B47006E1531 /* FirebaseStorage */; };
		430BAAA7292F1B47006E1531 /* FirebaseStorageCombine-Community in Frameworks */ = {isa = PBXBuildFile; productRef = 430BAAA6292F1B47006E1531 /* FirebaseStorageCombine-Community */; };
		430BAAAB292F1DD2006E1531 /* user.swift in Sources */ = {isa = PBXBuildFile; fileRef = 430BAAAA292F1DD2006E1531 /* user.swift */; };
		430BAAAD292F2083006E1531 /* LoginView.swift in Sources */ = {isa = PBXBuildFile; fileRef = 430BAAAC292F2083006E1531 /* LoginView.swift */; };
		430BAAB0292F3B9A006E1531 /* ScoreBoard.swift in Sources */ = {isa = PBXBuildFile; fileRef = 430BAAAF292F3B9A006E1531 /* ScoreBoard.swift */; };
		43326AD0293175F100FCCA67 /* Trivia.swift in Sources */ = {isa = PBXBuildFile; fileRef = 43326ACE293175F100FCCA67 /* Trivia.swift */; };
		43326AD52931767500FCCA67 /* TriviaManager.swift in Sources */ = {isa = PBXBuildFile; fileRef = 43326AD32931767500FCCA67 /* TriviaManager.swift */; };
		43326AD62931767500FCCA67 /* Answer.swift in Sources */ = {isa = PBXBuildFile; fileRef = 43326AD42931767500FCCA67 /* Answer.swift */; };
		43326ADB293176C200FCCA67 /* QuestionView.swift in Sources */ = {isa = PBXBuildFile; fileRef = 43326AD8293176C200FCCA67 /* QuestionView.swift */; };
		43326ADC293176C200FCCA67 /* TriviaView.swift in Sources */ = {isa = PBXBuildFile; fileRef = 43326AD9293176C200FCCA67 /* TriviaView.swift */; };
		43326AE2293176F700FCCA67 /* PrimaryButton.swift in Sources */ = {isa = PBXBuildFile; fileRef = 43326ADF293176F600FCCA67 /* PrimaryButton.swift */; };
		43326AE3293176F700FCCA67 /* AnswerRow.swift in Sources */ = {isa = PBXBuildFile; fileRef = 43326AE0293176F700FCCA67 /* AnswerRow.swift */; };
		43326AE4293176F700FCCA67 /* ProgressBar.swift in Sources */ = {isa = PBXBuildFile; fileRef = 43326AE1293176F700FCCA67 /* ProgressBar.swift */; };
		4341460F2914DE850079EBC1 /* RandomWordApi.swift in Sources */ = {isa = PBXBuildFile; fileRef = 4341460E2914DE850079EBC1 /* RandomWordApi.swift */; };
		43AB4B192915AAD50000F59B /* XOButton.swift in Sources */ = {isa = PBXBuildFile; fileRef = 43AB4B182915AAD50000F59B /* XOButton.swift */; };
		43AB4B1B2915AB0E0000F59B /* Utils.swift in Sources */ = {isa = PBXBuildFile; fileRef = 43AB4B1A2915AB0D0000F59B /* Utils.swift */; };
		43CB22E828F685AB00C55EFE /* ios_projectApp.swift in Sources */ = {isa = PBXBuildFile; fileRef = 43CB22E728F685AB00C55EFE /* ios_projectApp.swift */; };
		43CB22EA28F685AB00C55EFE /* ContentView.swift in Sources */ = {isa = PBXBuildFile; fileRef = 43CB22E928F685AB00C55EFE /* ContentView.swift */; };
		43CB22EC28F685AC00C55EFE /* Assets.xcassets in Resources */ = {isa = PBXBuildFile; fileRef = 43CB22EB28F685AC00C55EFE /* Assets.xcassets */; };
		43CB22F028F685AC00C55EFE /* Preview Assets.xcassets in Resources */ = {isa = PBXBuildFile; fileRef = 43CB22EF28F685AC00C55EFE /* Preview Assets.xcassets */; };
		43E87A4C292DCE6200282C49 /* RestartButton.swift in Sources */ = {isa = PBXBuildFile; fileRef = 43E87A4B292DCE6200282C49 /* RestartButton.swift */; };
		43E87A4E292DD35200282C49 /* Keyboard.swift in Sources */ = {isa = PBXBuildFile; fileRef = 43E87A4D292DD35200282C49 /* Keyboard.swift */; };
		43E87A50292DD88000282C49 /* GuessedLetter.swift in Sources */ = {isa = PBXBuildFile; fileRef = 43E87A4F292DD88000282C49 /* GuessedLetter.swift */; };
		43E87A52292DDCB100282C49 /* TempWord.swift in Sources */ = {isa = PBXBuildFile; fileRef = 43E87A51292DDCB100282C49 /* TempWord.swift */; };
		43E87A54292DDE0800282C49 /* Definition.swift in Sources */ = {isa = PBXBuildFile; fileRef = 43E87A53292DDE0800282C49 /* Definition.swift */; };
		43E87A56292DDEFA00282C49 /* GuessCount.swift in Sources */ = {isa = PBXBuildFile; fileRef = 43E87A55292DDEFA00282C49 /* GuessCount.swift */; };
		43E87A58292DDF8800282C49 /* Header.swift in Sources */ = {isa = PBXBuildFile; fileRef = 43E87A57292DDF8800282C49 /* Header.swift */; };
		43E87A5A292DE0B300282C49 /* HangmanGame.swift in Sources */ = {isa = PBXBuildFile; fileRef = 43E87A59292DE0B300282C49 /* HangmanGame.swift */; };
/* End PBXBuildFile section */

/* Begin PBXFileReference section */
		430BAA95292F1A9A006E1531 /* GoogleService-Info.plist */ = {isa = PBXFileReference; fileEncoding = 4; lastKnownFileType = text.plist.xml; path = "GoogleService-Info.plist"; sourceTree = "<group>"; };
		430BAAAA292F1DD2006E1531 /* user.swift */ = {isa = PBXFileReference; lastKnownFileType = sourcecode.swift; path = user.swift; sourceTree = "<group>"; };
		430BAAAC292F2083006E1531 /* LoginView.swift */ = {isa = PBXFileReference; lastKnownFileType = sourcecode.swift; path = LoginView.swift; sourceTree = "<group>"; };
		430BAAAF292F3B9A006E1531 /* ScoreBoard.swift */ = {isa = PBXFileReference; lastKnownFileType = sourcecode.swift; path = ScoreBoard.swift; sourceTree = "<group>"; };
		43326ACE293175F100FCCA67 /* Trivia.swift */ = {isa = PBXFileReference; lastKnownFileType = sourcecode.swift; path = Trivia.swift; sourceTree = "<group>"; };
		43326AD32931767500FCCA67 /* TriviaManager.swift */ = {isa = PBXFileReference; fileEncoding = 4; lastKnownFileType = sourcecode.swift; path = TriviaManager.swift; sourceTree = "<group>"; };
		43326AD42931767500FCCA67 /* Answer.swift */ = {isa = PBXFileReference; fileEncoding = 4; lastKnownFileType = sourcecode.swift; path = Answer.swift; sourceTree = "<group>"; };
		43326AD8293176C200FCCA67 /* QuestionView.swift */ = {isa = PBXFileReference; fileEncoding = 4; lastKnownFileType = sourcecode.swift; path = QuestionView.swift; sourceTree = "<group>"; };
		43326AD9293176C200FCCA67 /* TriviaView.swift */ = {isa = PBXFileReference; fileEncoding = 4; lastKnownFileType = sourcecode.swift; path = TriviaView.swift; sourceTree = "<group>"; };
		43326ADF293176F600FCCA67 /* PrimaryButton.swift */ = {isa = PBXFileReference; fileEncoding = 4; lastKnownFileType = sourcecode.swift; path = PrimaryButton.swift; sourceTree = "<group>"; };
		43326AE0293176F700FCCA67 /* AnswerRow.swift */ = {isa = PBXFileReference; fileEncoding = 4; lastKnownFileType = sourcecode.swift; path = AnswerRow.swift; sourceTree = "<group>"; };
		43326AE1293176F700FCCA67 /* ProgressBar.swift */ = {isa = PBXFileReference; fileEncoding = 4; lastKnownFileType = sourcecode.swift; path = ProgressBar.swift; sourceTree = "<group>"; };
		4341460E2914DE850079EBC1 /* RandomWordApi.swift */ = {isa = PBXFileReference; lastKnownFileType = sourcecode.swift; path = RandomWordApi.swift; sourceTree = "<group>"; };
		43AB4B182915AAD50000F59B /* XOButton.swift */ = {isa = PBXFileReference; fileEncoding = 4; lastKnownFileType = sourcecode.swift; path = XOButton.swift; sourceTree = "<group>"; };
		43AB4B1A2915AB0D0000F59B /* Utils.swift */ = {isa = PBXFileReference; fileEncoding = 4; lastKnownFileType = sourcecode.swift; path = Utils.swift; sourceTree = "<group>"; };
		43CB22E428F685AB00C55EFE /* ios_project.app */ = {isa = PBXFileReference; explicitFileType = wrapper.application; includeInIndex = 0; path = ios_project.app; sourceTree = BUILT_PRODUCTS_DIR; };
		43CB22E728F685AB00C55EFE /* ios_projectApp.swift */ = {isa = PBXFileReference; lastKnownFileType = sourcecode.swift; path = ios_projectApp.swift; sourceTree = "<group>"; };
		43CB22E928F685AB00C55EFE /* ContentView.swift */ = {isa = PBXFileReference; lastKnownFileType = sourcecode.swift; path = ContentView.swift; sourceTree = "<group>"; };
		43CB22EB28F685AC00C55EFE /* Assets.xcassets */ = {isa = PBXFileReference; lastKnownFileType = folder.assetcatalog; path = Assets.xcassets; sourceTree = "<group>"; };
		43CB22ED28F685AC00C55EFE /* ios_project.entitlements */ = {isa = PBXFileReference; lastKnownFileType = text.plist.entitlements; path = ios_project.entitlements; sourceTree = "<group>"; };
		43CB22EF28F685AC00C55EFE /* Preview Assets.xcassets */ = {isa = PBXFileReference; lastKnownFileType = folder.assetcatalog; path = "Preview Assets.xcassets"; sourceTree = "<group>"; };
		43E87A4B292DCE6200282C49 /* RestartButton.swift */ = {isa = PBXFileReference; lastKnownFileType = sourcecode.swift; path = RestartButton.swift; sourceTree = "<group>"; };
		43E87A4D292DD35200282C49 /* Keyboard.swift */ = {isa = PBXFileReference; lastKnownFileType = sourcecode.swift; path = Keyboard.swift; sourceTree = "<group>"; };
		43E87A4F292DD88000282C49 /* GuessedLetter.swift */ = {isa = PBXFileReference; lastKnownFileType = sourcecode.swift; path = GuessedLetter.swift; sourceTree = "<group>"; };
		43E87A51292DDCB100282C49 /* TempWord.swift */ = {isa = PBXFileReference; lastKnownFileType = sourcecode.swift; path = TempWord.swift; sourceTree = "<group>"; };
		43E87A53292DDE0800282C49 /* Definition.swift */ = {isa = PBXFileReference; lastKnownFileType = sourcecode.swift; path = Definition.swift; sourceTree = "<group>"; };
		43E87A55292DDEFA00282C49 /* GuessCount.swift */ = {isa = PBXFileReference; lastKnownFileType = sourcecode.swift; path = GuessCount.swift; sourceTree = "<group>"; };
		43E87A57292DDF8800282C49 /* Header.swift */ = {isa = PBXFileReference; lastKnownFileType = sourcecode.swift; path = Header.swift; sourceTree = "<group>"; };
		43E87A59292DE0B300282C49 /* HangmanGame.swift */ = {isa = PBXFileReference; lastKnownFileType = sourcecode.swift; path = HangmanGame.swift; sourceTree = "<group>"; };
/* End PBXFileReference section */

/* Begin PBXFrameworksBuildPhase section */
		43CB22E128F685AB00C55EFE /* Frameworks */ = {
			isa = PBXFrameworksBuildPhase;
			buildActionMask = 2147483647;
			files = (
				430BAA9F292F1B47006E1531 /* FirebaseDatabaseSwift in Frameworks */,
				430BAA9D292F1B47006E1531 /* FirebaseDatabase in Frameworks */,
				430BAAA7292F1B47006E1531 /* FirebaseStorageCombine-Community in Frameworks */,
				430BAA99292F1B47006E1531 /* FirebaseAuth in Frameworks */,
				430BAAA3292F1B47006E1531 /* FirebaseFirestoreCombine-Community in Frameworks */,
				430BAAA5292F1B47006E1531 /* FirebaseStorage in Frameworks */,
				430BAAA1292F1B47006E1531 /* FirebaseFirestore in Frameworks */,
				430BAA9B292F1B47006E1531 /* FirebaseAuthCombine-Community in Frameworks */,
			);
			runOnlyForDeploymentPostprocessing = 0;
		};
/* End PBXFrameworksBuildPhase section */

/* Begin PBXGroup section */
		430BAAA8292F1BE3006E1531 /* user */ = {
			isa = PBXGroup;
			children = (
				430BAAAA292F1DD2006E1531 /* user.swift */,
				430BAAAC292F2083006E1531 /* LoginView.swift */,
			);
			path = user;
			sourceTree = "<group>";
		};
		430BAAAE292F3B7C006E1531 /* scoreboard */ = {
			isa = PBXGroup;
			children = (
				430BAAAF292F3B9A006E1531 /* ScoreBoard.swift */,
			);
			path = scoreboard;
			sourceTree = "<group>";
		};
		43326AC2293174F400FCCA67 /* tictactoe */ = {
			isa = PBXGroup;
			children = (
				43AB4B1A2915AB0D0000F59B /* Utils.swift */,
				43AB4B182915AAD50000F59B /* XOButton.swift */,
			);
			path = tictactoe;
			sourceTree = "<group>";
		};
		43326AC32931758C00FCCA67 /* trivia */ = {
			isa = PBXGroup;
			children = (
				43326ACE293175F100FCCA67 /* Trivia.swift */,
				43326ADE293176EA00FCCA67 /* Components */,
				43326AD72931769500FCCA67 /* Views */,
				43326AD22931766300FCCA67 /* Models */,
			);
			path = trivia;
			sourceTree = "<group>";
		};
		43326AD22931766300FCCA67 /* Models */ = {
			isa = PBXGroup;
			children = (
				43326AD42931767500FCCA67 /* Answer.swift */,
				43326AD32931767500FCCA67 /* TriviaManager.swift */,
			);
			path = Models;
			sourceTree = "<group>";
		};
		43326AD72931769500FCCA67 /* Views */ = {
			isa = PBXGroup;
			children = (
				43326AD8293176C200FCCA67 /* QuestionView.swift */,
				43326AD9293176C200FCCA67 /* TriviaView.swift */,
			);
			path = Views;
			sourceTree = "<group>";
		};
		43326ADE293176EA00FCCA67 /* Components */ = {
			isa = PBXGroup;
			children = (
				43326AE0293176F700FCCA67 /* AnswerRow.swift */,
				43326ADF293176F600FCCA67 /* PrimaryButton.swift */,
				43326AE1293176F700FCCA67 /* ProgressBar.swift */,
			);
			path = Components;
			sourceTree = "<group>";
		};
		43CB22DB28F685AB00C55EFE = {
			isa = PBXGroup;
			children = (
				43CB22E628F685AB00C55EFE /* ios_project */,
				43CB22E528F685AB00C55EFE /* Products */,
			);
			sourceTree = "<group>";
		};
		43CB22E528F685AB00C55EFE /* Products */ = {
			isa = PBXGroup;
			children = (
				43CB22E428F685AB00C55EFE /* ios_project.app */,
			);
			name = Products;
			sourceTree = "<group>";
		};
		43CB22E628F685AB00C55EFE /* ios_project */ = {
			isa = PBXGroup;
			children = (
				43CB22E728F685AB00C55EFE /* ios_projectApp.swift */,
				43CB22E928F685AB00C55EFE /* ContentView.swift */,
				430BAAAE292F3B7C006E1531 /* scoreboard */,
				43326AC2293174F400FCCA67 /* tictactoe */,
				43326AC32931758C00FCCA67 /* trivia */,
				43E87A4A292DCE2900282C49 /* hangman */,
				430BAAA8292F1BE3006E1531 /* user */,
				43CB22EB28F685AC00C55EFE /* Assets.xcassets */,
				43CB22ED28F685AC00C55EFE /* ios_project.entitlements */,
				430BAA95292F1A9A006E1531 /* GoogleService-Info.plist */,
				43CB22EE28F685AC00C55EFE /* Preview Content */,
			);
			path = ios_project;
			sourceTree = "<group>";
		};
		43CB22EE28F685AC00C55EFE /* Preview Content */ = {
			isa = PBXGroup;
			children = (
				43CB22EF28F685AC00C55EFE /* Preview Assets.xcassets */,
			);
			path = "Preview Content";
			sourceTree = "<group>";
		};
		43E87A4A292DCE2900282C49 /* hangman */ = {
			isa = PBXGroup;
			children = (
				43E87A59292DE0B300282C49 /* HangmanGame.swift */,
				43E87A57292DDF8800282C49 /* Header.swift */,
				43E87A55292DDEFA00282C49 /* GuessCount.swift */,
				43E87A53292DDE0800282C49 /* Definition.swift */,
				43E87A51292DDCB100282C49 /* TempWord.swift */,
				43E87A4D292DD35200282C49 /* Keyboard.swift */,
				43E87A4F292DD88000282C49 /* GuessedLetter.swift */,
				43E87A4B292DCE6200282C49 /* RestartButton.swift */,
				4341460E2914DE850079EBC1 /* RandomWordApi.swift */,
			);
			path = hangman;
			sourceTree = "<group>";
		};
/* End PBXGroup section */

/* Begin PBXNativeTarget section */
		43CB22E328F685AB00C55EFE /* ios_project */ = {
			isa = PBXNativeTarget;
			buildConfigurationList = 43CB22F328F685AC00C55EFE /* Build configuration list for PBXNativeTarget "ios_project" */;
			buildPhases = (
				43CB22E028F685AB00C55EFE /* Sources */,
				43CB22E128F685AB00C55EFE /* Frameworks */,
				43CB22E228F685AB00C55EFE /* Resources */,
			);
			buildRules = (
			);
			dependencies = (
			);
			name = ios_project;
			packageProductDependencies = (
				430BAA98292F1B47006E1531 /* FirebaseAuth */,
				430BAA9A292F1B47006E1531 /* FirebaseAuthCombine-Community */,
				430BAA9C292F1B47006E1531 /* FirebaseDatabase */,
				430BAA9E292F1B47006E1531 /* FirebaseDatabaseSwift */,
				430BAAA0292F1B47006E1531 /* FirebaseFirestore */,
				430BAAA2292F1B47006E1531 /* FirebaseFirestoreCombine-Community */,
				430BAAA4292F1B47006E1531 /* FirebaseStorage */,
				430BAAA6292F1B47006E1531 /* FirebaseStorageCombine-Community */,
			);
			productName = ios_project;
			productReference = 43CB22E428F685AB00C55EFE /* ios_project.app */;
			productType = "com.apple.product-type.application";
		};
/* End PBXNativeTarget section */

/* Begin PBXProject section */
		43CB22DC28F685AB00C55EFE /* Project object */ = {
			isa = PBXProject;
			attributes = {
				BuildIndependentTargetsInParallel = 1;
				LastSwiftUpdateCheck = 1400;
				LastUpgradeCheck = 1410;
				TargetAttributes = {
					43CB22E328F685AB00C55EFE = {
						CreatedOnToolsVersion = 14.0.1;
					};
				};
			};
			buildConfigurationList = 43CB22DF28F685AB00C55EFE /* Build configuration list for PBXProject "ios_project" */;
			compatibilityVersion = "Xcode 14.0";
			developmentRegion = en;
			hasScannedForEncodings = 0;
			knownRegions = (
				en,
				Base,
			);
			mainGroup = 43CB22DB28F685AB00C55EFE;
			packageReferences = (
				430BAA97292F1B47006E1531 /* XCRemoteSwiftPackageReference "firebase-ios-sdk" */,
			);
			productRefGroup = 43CB22E528F685AB00C55EFE /* Products */;
			projectDirPath = "";
			projectRoot = "";
			targets = (
				43CB22E328F685AB00C55EFE /* ios_project */,
			);
		};
/* End PBXProject section */

/* Begin PBXResourcesBuildPhase section */
		43CB22E228F685AB00C55EFE /* Resources */ = {
			isa = PBXResourcesBuildPhase;
			buildActionMask = 2147483647;
			files = (
				43CB22F028F685AC00C55EFE /* Preview Assets.xcassets in Resources */,
				430BAA96292F1A9A006E1531 /* GoogleService-Info.plist in Resources */,
				43CB22EC28F685AC00C55EFE /* Assets.xcassets in Resources */,
			);
			runOnlyForDeploymentPostprocessing = 0;
		};
/* End PBXResourcesBuildPhase section */

/* Begin PBXSourcesBuildPhase section */
		43CB22E028F685AB00C55EFE /* Sources */ = {
			isa = PBXSourcesBuildPhase;
			buildActionMask = 2147483647;
			files = (
				43326ADB293176C200FCCA67 /* QuestionView.swift in Sources */,
				43CB22EA28F685AB00C55EFE /* ContentView.swift in Sources */,
				43E87A58292DDF8800282C49 /* Header.swift in Sources */,
				43326AD52931767500FCCA67 /* TriviaManager.swift in Sources */,
				4341460F2914DE850079EBC1 /* RandomWordApi.swift in Sources */,
				43E87A4E292DD35200282C49 /* Keyboard.swift in Sources */,
				430BAAB0292F3B9A006E1531 /* ScoreBoard.swift in Sources */,
				43AB4B192915AAD50000F59B /* XOButton.swift in Sources */,
				430BAAAB292F1DD2006E1531 /* user.swift in Sources */,
				43E87A4C292DCE6200282C49 /* RestartButton.swift in Sources */,
				43326AE3293176F700FCCA67 /* AnswerRow.swift in Sources */,
				43326ADC293176C200FCCA67 /* TriviaView.swift in Sources */,
				43326AD0293175F100FCCA67 /* Trivia.swift in Sources */,
				43E87A5A292DE0B300282C49 /* HangmanGame.swift in Sources */,
				43CB22E828F685AB00C55EFE /* ios_projectApp.swift in Sources */,
				43E87A54292DDE0800282C49 /* Definition.swift in Sources */,
				43E87A56292DDEFA00282C49 /* GuessCount.swift in Sources */,
				43326AD62931767500FCCA67 /* Answer.swift in Sources */,
				43E87A52292DDCB100282C49 /* TempWord.swift in Sources */,
				43AB4B1B2915AB0E0000F59B /* Utils.swift in Sources */,
				43326AE2293176F700FCCA67 /* PrimaryButton.swift in Sources */,
				430BAAAD292F2083006E1531 /* LoginView.swift in Sources */,
				43326AE4293176F700FCCA67 /* ProgressBar.swift in Sources */,
				43E87A50292DD88000282C49 /* GuessedLetter.swift in Sources */,
			);
			runOnlyForDeploymentPostprocessing = 0;
		};
/* End PBXSourcesBuildPhase section */

/* Begin XCBuildConfiguration section */
		43CB22F128F685AC00C55EFE /* Debug */ = {
			isa = XCBuildConfiguration;
			buildSettings = {
				ALWAYS_SEARCH_USER_PATHS = NO;
				CLANG_ANALYZER_NONNULL = YES;
				CLANG_ANALYZER_NUMBER_OBJECT_CONVERSION = YES_AGGRESSIVE;
				CLANG_CXX_LANGUAGE_STANDARD = "gnu++20";
				CLANG_ENABLE_MODULES = YES;
				CLANG_ENABLE_OBJC_ARC = YES;
				CLANG_ENABLE_OBJC_WEAK = YES;
				CLANG_WARN_BLOCK_CAPTURE_AUTORELEASING = YES;
				CLANG_WARN_BOOL_CONVERSION = YES;
				CLANG_WARN_COMMA = YES;
				CLANG_WARN_CONSTANT_CONVERSION = YES;
				CLANG_WARN_DEPRECATED_OBJC_IMPLEMENTATIONS = YES;
				CLANG_WARN_DIRECT_OBJC_ISA_USAGE = YES_ERROR;
				CLANG_WARN_DOCUMENTATION_COMMENTS = YES;
				CLANG_WARN_EMPTY_BODY = YES;
				CLANG_WARN_ENUM_CONVERSION = YES;
				CLANG_WARN_INFINITE_RECURSION = YES;
				CLANG_WARN_INT_CONVERSION = YES;
				CLANG_WARN_NON_LITERAL_NULL_CONVERSION = YES;
				CLANG_WARN_OBJC_IMPLICIT_RETAIN_SELF = YES;
				CLANG_WARN_OBJC_LITERAL_CONVERSION = YES;
				CLANG_WARN_OBJC_ROOT_CLASS = YES_ERROR;
				CLANG_WARN_QUOTED_INCLUDE_IN_FRAMEWORK_HEADER = YES;
				CLANG_WARN_RANGE_LOOP_ANALYSIS = YES;
				CLANG_WARN_STRICT_PROTOTYPES = YES;
				CLANG_WARN_SUSPICIOUS_MOVE = YES;
				CLANG_WARN_UNGUARDED_AVAILABILITY = YES_AGGRESSIVE;
				CLANG_WARN_UNREACHABLE_CODE = YES;
				CLANG_WARN__DUPLICATE_METHOD_MATCH = YES;
				COPY_PHASE_STRIP = NO;
				DEAD_CODE_STRIPPING = YES;
				DEBUG_INFORMATION_FORMAT = dwarf;
				ENABLE_STRICT_OBJC_MSGSEND = YES;
				ENABLE_TESTABILITY = YES;
				GCC_C_LANGUAGE_STANDARD = gnu11;
				GCC_DYNAMIC_NO_PIC = NO;
				GCC_NO_COMMON_BLOCKS = YES;
				GCC_OPTIMIZATION_LEVEL = 0;
				GCC_PREPROCESSOR_DEFINITIONS = (
					"DEBUG=1",
					"$(inherited)",
				);
				GCC_WARN_64_TO_32_BIT_CONVERSION = YES;
				GCC_WARN_ABOUT_RETURN_TYPE = YES_ERROR;
				GCC_WARN_UNDECLARED_SELECTOR = YES;
				GCC_WARN_UNINITIALIZED_AUTOS = YES_AGGRESSIVE;
				GCC_WARN_UNUSED_FUNCTION = YES;
				GCC_WARN_UNUSED_VARIABLE = YES;
				IPHONEOS_DEPLOYMENT_TARGET = 14.0;
				MACOSX_DEPLOYMENT_TARGET = 11.0;
				MTL_ENABLE_DEBUG_INFO = INCLUDE_SOURCE;
				MTL_FAST_MATH = YES;
				ONLY_ACTIVE_ARCH = YES;
				SWIFT_ACTIVE_COMPILATION_CONDITIONS = DEBUG;
				SWIFT_OPTIMIZATION_LEVEL = "-Onone";
			};
			name = Debug;
		};
		43CB22F228F685AC00C55EFE /* Release */ = {
			isa = XCBuildConfiguration;
			buildSettings = {
				ALWAYS_SEARCH_USER_PATHS = NO;
				CLANG_ANALYZER_NONNULL = YES;
				CLANG_ANALYZER_NUMBER_OBJECT_CONVERSION = YES_AGGRESSIVE;
				CLANG_CXX_LANGUAGE_STANDARD = "gnu++20";
				CLANG_ENABLE_MODULES = YES;
				CLANG_ENABLE_OBJC_ARC = YES;
				CLANG_ENABLE_OBJC_WEAK = YES;
				CLANG_WARN_BLOCK_CAPTURE_AUTORELEASING = YES;
				CLANG_WARN_BOOL_CONVERSION = YES;
				CLANG_WARN_COMMA = YES;
				CLANG_WARN_CONSTANT_CONVERSION = YES;
				CLANG_WARN_DEPRECATED_OBJC_IMPLEMENTATIONS = YES;
				CLANG_WARN_DIRECT_OBJC_ISA_USAGE = YES_ERROR;
				CLANG_WARN_DOCUMENTATION_COMMENTS = YES;
				CLANG_WARN_EMPTY_BODY = YES;
				CLANG_WARN_ENUM_CONVERSION = YES;
				CLANG_WARN_INFINITE_RECURSION = YES;
				CLANG_WARN_INT_CONVERSION = YES;
				CLANG_WARN_NON_LITERAL_NULL_CONVERSION = YES;
				CLANG_WARN_OBJC_IMPLICIT_RETAIN_SELF = YES;
				CLANG_WARN_OBJC_LITERAL_CONVERSION = YES;
				CLANG_WARN_OBJC_ROOT_CLASS = YES_ERROR;
				CLANG_WARN_QUOTED_INCLUDE_IN_FRAMEWORK_HEADER = YES;
				CLANG_WARN_RANGE_LOOP_ANALYSIS = YES;
				CLANG_WARN_STRICT_PROTOTYPES = YES;
				CLANG_WARN_SUSPICIOUS_MOVE = YES;
				CLANG_WARN_UNGUARDED_AVAILABILITY = YES_AGGRESSIVE;
				CLANG_WARN_UNREACHABLE_CODE = YES;
				CLANG_WARN__DUPLICATE_METHOD_MATCH = YES;
				COPY_PHASE_STRIP = NO;
				DEAD_CODE_STRIPPING = YES;
				DEBUG_INFORMATION_FORMAT = "dwarf-with-dsym";
				ENABLE_NS_ASSERTIONS = NO;
				ENABLE_STRICT_OBJC_MSGSEND = YES;
				GCC_C_LANGUAGE_STANDARD = gnu11;
				GCC_NO_COMMON_BLOCKS = YES;
				GCC_WARN_64_TO_32_BIT_CONVERSION = YES;
				GCC_WARN_ABOUT_RETURN_TYPE = YES_ERROR;
				GCC_WARN_UNDECLARED_SELECTOR = YES;
				GCC_WARN_UNINITIALIZED_AUTOS = YES_AGGRESSIVE;
				GCC_WARN_UNUSED_FUNCTION = YES;
				GCC_WARN_UNUSED_VARIABLE = YES;
				IPHONEOS_DEPLOYMENT_TARGET = 14.0;
				MACOSX_DEPLOYMENT_TARGET = 11.0;
				MTL_ENABLE_DEBUG_INFO = NO;
				MTL_FAST_MATH = YES;
				SWIFT_COMPILATION_MODE = wholemodule;
				SWIFT_OPTIMIZATION_LEVEL = "-O";
			};
			name = Release;
		};
		43CB22F428F685AC00C55EFE /* Debug */ = {
			isa = XCBuildConfiguration;
			buildSettings = {
				ASSETCATALOG_COMPILER_APPICON_NAME = AppIcon;
				ASSETCATALOG_COMPILER_GLOBAL_ACCENT_COLOR_NAME = AccentColor;
				CODE_SIGN_ENTITLEMENTS = ios_project/ios_project.entitlements;
				CODE_SIGN_IDENTITY = "-";
				"CODE_SIGN_IDENTITY[sdk=iphoneos*]" = "Apple Development";
				"CODE_SIGN_IDENTITY[sdk=macosx*]" = "Apple Development";
				CODE_SIGN_STYLE = Automatic;
				CURRENT_PROJECT_VERSION = 1;
				DEAD_CODE_STRIPPING = YES;
				DEVELOPMENT_ASSET_PATHS = "\"ios_project/Preview Content\"";
				ENABLE_PREVIEWS = YES;
				GENERATE_INFOPLIST_FILE = YES;
				"INFOPLIST_KEY_UIApplicationSceneManifest_Generation[sdk=iphoneos*]" = YES;
				"INFOPLIST_KEY_UIApplicationSceneManifest_Generation[sdk=iphonesimulator*]" = YES;
				"INFOPLIST_KEY_UIApplicationSupportsIndirectInputEvents[sdk=iphoneos*]" = YES;
				"INFOPLIST_KEY_UIApplicationSupportsIndirectInputEvents[sdk=iphonesimulator*]" = YES;
				"INFOPLIST_KEY_UILaunchScreen_Generation[sdk=iphoneos*]" = YES;
				"INFOPLIST_KEY_UILaunchScreen_Generation[sdk=iphonesimulator*]" = YES;
				"INFOPLIST_KEY_UIStatusBarStyle[sdk=iphoneos*]" = UIStatusBarStyleDefault;
				"INFOPLIST_KEY_UIStatusBarStyle[sdk=iphonesimulator*]" = UIStatusBarStyleDefault;
				INFOPLIST_KEY_UISupportedInterfaceOrientations_iPad = "UIInterfaceOrientationPortrait UIInterfaceOrientationPortraitUpsideDown UIInterfaceOrientationLandscapeLeft UIInterfaceOrientationLandscapeRight";
				INFOPLIST_KEY_UISupportedInterfaceOrientations_iPhone = "UIInterfaceOrientationPortrait UIInterfaceOrientationLandscapeLeft UIInterfaceOrientationLandscapeRight";
				IPHONEOS_DEPLOYMENT_TARGET = 16.0;
				LD_RUNPATH_SEARCH_PATHS = "@executable_path/Frameworks";
				"LD_RUNPATH_SEARCH_PATHS[sdk=macosx*]" = "@executable_path/../Frameworks";
				MACOSX_DEPLOYMENT_TARGET = 12.3;
				MARKETING_VERSION = 1.0;
				PRODUCT_BUNDLE_IDENTIFIER = "gamecenter.ios-project";
				PRODUCT_NAME = "$(TARGET_NAME)";
				SDKROOT = auto;
				SUPPORTED_PLATFORMS = "iphoneos iphonesimulator macosx";
				SWIFT_EMIT_LOC_STRINGS = YES;
				SWIFT_VERSION = 5.0;
				TARGETED_DEVICE_FAMILY = "1,2";
			};
			name = Debug;
		};
		43CB22F528F685AC00C55EFE /* Release */ = {
			isa = XCBuildConfiguration;
			buildSettings = {
				ASSETCATALOG_COMPILER_APPICON_NAME = AppIcon;
				ASSETCATALOG_COMPILER_GLOBAL_ACCENT_COLOR_NAME = AccentColor;
				CODE_SIGN_ENTITLEMENTS = ios_project/ios_project.entitlements;
				CODE_SIGN_IDENTITY = "-";
				"CODE_SIGN_IDENTITY[sdk=iphoneos*]" = "Apple Development";
				"CODE_SIGN_IDENTITY[sdk=macosx*]" = "Apple Development";
				CODE_SIGN_STYLE = Automatic;
				CURRENT_PROJECT_VERSION = 1;
				DEAD_CODE_STRIPPING = YES;
				DEVELOPMENT_ASSET_PATHS = "\"ios_project/Preview Content\"";
				ENABLE_PREVIEWS = YES;
				GENERATE_INFOPLIST_FILE = YES;
				"INFOPLIST_KEY_UIApplicationSceneManifest_Generation[sdk=iphoneos*]" = YES;
				"INFOPLIST_KEY_UIApplicationSceneManifest_Generation[sdk=iphonesimulator*]" = YES;
				"INFOPLIST_KEY_UIApplicationSupportsIndirectInputEvents[sdk=iphoneos*]" = YES;
				"INFOPLIST_KEY_UIApplicationSupportsIndirectInputEvents[sdk=iphonesimulator*]" = YES;
				"INFOPLIST_KEY_UILaunchScreen_Generation[sdk=iphoneos*]" = YES;
				"INFOPLIST_KEY_UILaunchScreen_Generation[sdk=iphonesimulator*]" = YES;
				"INFOPLIST_KEY_UIStatusBarStyle[sdk=iphoneos*]" = UIStatusBarStyleDefault;
				"INFOPLIST_KEY_UIStatusBarStyle[sdk=iphonesimulator*]" = UIStatusBarStyleDefault;
				INFOPLIST_KEY_UISupportedInterfaceOrientations_iPad = "UIInterfaceOrientationPortrait UIInterfaceOrientationPortraitUpsideDown UIInterfaceOrientationLandscapeLeft UIInterfaceOrientationLandscapeRight";
				INFOPLIST_KEY_UISupportedInterfaceOrientations_iPhone = "UIInterfaceOrientationPortrait UIInterfaceOrientationLandscapeLeft UIInterfaceOrientationLandscapeRight";
				IPHONEOS_DEPLOYMENT_TARGET = 16.0;
				LD_RUNPATH_SEARCH_PATHS = "@executable_path/Frameworks";
				"LD_RUNPATH_SEARCH_PATHS[sdk=macosx*]" = "@executable_path/../Frameworks";
				MACOSX_DEPLOYMENT_TARGET = 12.3;
				MARKETING_VERSION = 1.0;
				PRODUCT_BUNDLE_IDENTIFIER = "gamecenter.ios-project";
				PRODUCT_NAME = "$(TARGET_NAME)";
				SDKROOT = auto;
				SUPPORTED_PLATFORMS = "iphoneos iphonesimulator macosx";
				SWIFT_EMIT_LOC_STRINGS = YES;
				SWIFT_VERSION = 5.0;
				TARGETED_DEVICE_FAMILY = "1,2";
			};
			name = Release;
		};
/* End XCBuildConfiguration section */

/* Begin XCConfigurationList section */
		43CB22DF28F685AB00C55EFE /* Build configuration list for PBXProject "ios_project" */ = {
			isa = XCConfigurationList;
			buildConfigurations = (
				43CB22F128F685AC00C55EFE /* Debug */,
				43CB22F228F685AC00C55EFE /* Release */,
			);
			defaultConfigurationIsVisible = 0;
			defaultConfigurationName = Release;
		};
		43CB22F328F685AC00C55EFE /* Build configuration list for PBXNativeTarget "ios_project" */ = {
			isa = XCConfigurationList;
			buildConfigurations = (
				43CB22F428F685AC00C55EFE /* Debug */,
				43CB22F528F685AC00C55EFE /* Release */,
			);
			defaultConfigurationIsVisible = 0;
			defaultConfigurationName = Release;
		};
/* End XCConfigurationList section */

/* Begin XCRemoteSwiftPackageReference section */
		430BAA97292F1B47006E1531 /* XCRemoteSwiftPackageReference "firebase-ios-sdk" */ = {
			isa = XCRemoteSwiftPackageReference;
			repositoryURL = "https://github.com/firebase/firebase-ios-sdk";
			requirement = {
				branch = master;
				kind = branch;
			};
		};
/* End XCRemoteSwiftPackageReference section */

/* Begin XCSwiftPackageProductDependency section */
		430BAA98292F1B47006E1531 /* FirebaseAuth */ = {
			isa = XCSwiftPackageProductDependency;
			package = 430BAA97292F1B47006E1531 /* XCRemoteSwiftPackageReference "firebase-ios-sdk" */;
			productName = FirebaseAuth;
		};
		430BAA9A292F1B47006E1531 /* FirebaseAuthCombine-Community */ = {
			isa = XCSwiftPackageProductDependency;
			package = 430BAA97292F1B47006E1531 /* XCRemoteSwiftPackageReference "firebase-ios-sdk" */;
			productName = "FirebaseAuthCombine-Community";
		};
		430BAA9C292F1B47006E1531 /* FirebaseDatabase */ = {
			isa = XCSwiftPackageProductDependency;
			package = 430BAA97292F1B47006E1531 /* XCRemoteSwiftPackageReference "firebase-ios-sdk" */;
			productName = FirebaseDatabase;
		};
		430BAA9E292F1B47006E1531 /* FirebaseDatabaseSwift */ = {
			isa = XCSwiftPackageProductDependency;
			package = 430BAA97292F1B47006E1531 /* XCRemoteSwiftPackageReference "firebase-ios-sdk" */;
			productName = FirebaseDatabaseSwift;
		};
		430BAAA0292F1B47006E1531 /* FirebaseFirestore */ = {
			isa = XCSwiftPackageProductDependency;
			package = 430BAA97292F1B47006E1531 /* XCRemoteSwiftPackageReference "firebase-ios-sdk" */;
			productName = FirebaseFirestore;
		};
		430BAAA2292F1B47006E1531 /* FirebaseFirestoreCombine-Community */ = {
			isa = XCSwiftPackageProductDependency;
			package = 430BAA97292F1B47006E1531 /* XCRemoteSwiftPackageReference "firebase-ios-sdk" */;
			productName = "FirebaseFirestoreCombine-Community";
		};
		430BAAA4292F1B47006E1531 /* FirebaseStorage */ = {
			isa = XCSwiftPackageProductDependency;
			package = 430BAA97292F1B47006E1531 /* XCRemoteSwiftPackageReference "firebase-ios-sdk" */;
			productName = FirebaseStorage;
		};
		430BAAA6292F1B47006E1531 /* FirebaseStorageCombine-Community */ = {
			isa = XCSwiftPackageProductDependency;
			package = 430BAA97292F1B47006E1531 /* XCRemoteSwiftPackageReference "firebase-ios-sdk" */;
			productName = "FirebaseStorageCombine-Community";
		};
/* End XCSwiftPackageProductDependency section */
	};
	rootObject = 43CB22DC28F685AB00C55EFE /* Project object */;
}
